// !$*UTF8*$!
{
	archiveVersion = 1;
	classes = {
	};
	objectVersion = 46;
	objects = {

/* Begin PBXBuildFile section */
		87CBE2641BD20924003A161A /* main.m in Sources */ = {isa = PBXBuildFile; fileRef = 87CBE2631BD20924003A161A /* main.m */; };
		87CBE2671BD20924003A161A /* AppDelegate.m in Sources */ = {isa = PBXBuildFile; fileRef = 87CBE2661BD20924003A161A /* AppDelegate.m */; };
		87CBE26A1BD20924003A161A /* ViewController.m in Sources */ = {isa = PBXBuildFile; fileRef = 87CBE2691BD20924003A161A /* ViewController.m */; };
		87CBE26F1BD20924003A161A /* Assets.xcassets in Resources */ = {isa = PBXBuildFile; fileRef = 87CBE26E1BD20924003A161A /* Assets.xcassets */; };
		87CBE2721BD20924003A161A /* LaunchScreen.storyboard in Resources */ = {isa = PBXBuildFile; fileRef = 87CBE2701BD20924003A161A /* LaunchScreen.storyboard */; };
		87CBE27D1BD20924003A161A /* ABCAutoCompleteTextViewTests.m in Sources */ = {isa = PBXBuildFile; fileRef = 87CBE27C1BD20924003A161A /* ABCAutoCompleteTextViewTests.m */; };
		87CBE2881BD20924003A161A /* ABCAutoCompleteTextViewUITests.m in Sources */ = {isa = PBXBuildFile; fileRef = 87CBE2871BD20924003A161A /* ABCAutoCompleteTextViewUITests.m */; };
		87CBE2971BD209B0003A161A /* ABCAutoCompleteTextView.m in Sources */ = {isa = PBXBuildFile; fileRef = 87CBE2961BD209B0003A161A /* ABCAutoCompleteTextView.m */; settings = {ASSET_TAGS = (); }; };
/* End PBXBuildFile section */

/* Begin PBXContainerItemProxy section */
		87CBE2791BD20924003A161A /* PBXContainerItemProxy */ = {
			isa = PBXContainerItemProxy;
			containerPortal = 87CBE2571BD20924003A161A /* Project object */;
			proxyType = 1;
			remoteGlobalIDString = 87CBE25E1BD20924003A161A;
			remoteInfo = ABCAutoCompleteTextView;
		};
		87CBE2841BD20924003A161A /* PBXContainerItemProxy */ = {
			isa = PBXContainerItemProxy;
			containerPortal = 87CBE2571BD20924003A161A /* Project object */;
			proxyType = 1;
			remoteGlobalIDString = 87CBE25E1BD20924003A161A;
			remoteInfo = ABCAutoCompleteTextView;
		};
/* End PBXContainerItemProxy section */

/* Begin PBXFileReference section */
		87CBE25F1BD20924003A161A /* ABCAutoCompleteTextView.app */ = {isa = PBXFileReference; explicitFileType = wrapper.application; includeInIndex = 0; path = ABCAutoCompleteTextView.app; sourceTree = BUILT_PRODUCTS_DIR; };
		87CBE2631BD20924003A161A /* main.m */ = {isa = PBXFileReference; lastKnownFileType = sourcecode.c.objc; path = main.m; sourceTree = "<group>"; };
		87CBE2651BD20924003A161A /* AppDelegate.h */ = {isa = PBXFileReference; lastKnownFileType = sourcecode.c.h; path = AppDelegate.h; sourceTree = "<group>"; };
		87CBE2661BD20924003A161A /* AppDelegate.m */ = {isa = PBXFileReference; lastKnownFileType = sourcecode.c.objc; path = AppDelegate.m; sourceTree = "<group>"; };
		87CBE2681BD20924003A161A /* ViewController.h */ = {isa = PBXFileReference; lastKnownFileType = sourcecode.c.h; path = ViewController.h; sourceTree = "<group>"; };
		87CBE2691BD20924003A161A /* ViewController.m */ = {isa = PBXFileReference; lastKnownFileType = sourcecode.c.objc; path = ViewController.m; sourceTree = "<group>"; };
		87CBE26E1BD20924003A161A /* Assets.xcassets */ = {isa = PBXFileReference; lastKnownFileType = folder.assetcatalog; path = Assets.xcassets; sourceTree = "<group>"; };
		87CBE2711BD20924003A161A /* Base */ = {isa = PBXFileReference; lastKnownFileType = file.storyboard; name = Base; path = Base.lproj/LaunchScreen.storyboard; sourceTree = "<group>"; };
		87CBE2731BD20924003A161A /* Info.plist */ = {isa = PBXFileReference; lastKnownFileType = text.plist.xml; path = Info.plist; sourceTree = "<group>"; };
		87CBE2781BD20924003A161A /* ABCAutoCompleteTextViewTests.xctest */ = {isa = PBXFileReference; explicitFileType = wrapper.cfbundle; includeInIndex = 0; path = ABCAutoCompleteTextViewTests.xctest; sourceTree = BUILT_PRODUCTS_DIR; };
		87CBE27C1BD20924003A161A /* ABCAutoCompleteTextViewTests.m */ = {isa = PBXFileReference; lastKnownFileType = sourcecode.c.objc; path = ABCAutoCompleteTextViewTests.m; sourceTree = "<group>"; };
		87CBE27E1BD20924003A161A /* Info.plist */ = {isa = PBXFileReference; lastKnownFileType = text.plist.xml; path = Info.plist; sourceTree = "<group>"; };
		87CBE2831BD20924003A161A /* ABCAutoCompleteTextViewUITests.xctest */ = {isa = PBXFileReference; explicitFileType = wrapper.cfbundle; includeInIndex = 0; path = ABCAutoCompleteTextViewUITests.xctest; sourceTree = BUILT_PRODUCTS_DIR; };
		87CBE2871BD20924003A161A /* ABCAutoCompleteTextViewUITests.m */ = {isa = PBXFileReference; lastKnownFileType = sourcecode.c.objc; path = ABCAutoCompleteTextViewUITests.m; sourceTree = "<group>"; };
		87CBE2891BD20924003A161A /* Info.plist */ = {isa = PBXFileReference; lastKnownFileType = text.plist.xml; path = Info.plist; sourceTree = "<group>"; };
		87CBE2951BD209B0003A161A /* ABCAutoCompleteTextView.h */ = {isa = PBXFileReference; fileEncoding = 4; lastKnownFileType = sourcecode.c.h; path = ABCAutoCompleteTextView.h; sourceTree = "<group>"; };
		87CBE2961BD209B0003A161A /* ABCAutoCompleteTextView.m */ = {isa = PBXFileReference; fileEncoding = 4; lastKnownFileType = sourcecode.c.objc; path = ABCAutoCompleteTextView.m; sourceTree = "<group>"; };
/* End PBXFileReference section */

/* Begin PBXFrameworksBuildPhase section */
		87CBE25C1BD20924003A161A /* Frameworks */ = {
			isa = PBXFrameworksBuildPhase;
			buildActionMask = 2147483647;
			files = (
			);
			runOnlyForDeploymentPostprocessing = 0;
		};
		87CBE2751BD20924003A161A /* Frameworks */ = {
			isa = PBXFrameworksBuildPhase;
			buildActionMask = 2147483647;
			files = (
			);
			runOnlyForDeploymentPostprocessing = 0;
		};
		87CBE2801BD20924003A161A /* Frameworks */ = {
			isa = PBXFrameworksBuildPhase;
			buildActionMask = 2147483647;
			files = (
			);
			runOnlyForDeploymentPostprocessing = 0;
		};
/* End PBXFrameworksBuildPhase section */

/* Begin PBXGroup section */
		87CBE2561BD20924003A161A = {
			isa = PBXGroup;
			children = (
				87CBE2611BD20924003A161A /* ABCAutoCompleteTextView */,
				87CBE27B1BD20924003A161A /* ABCAutoCompleteTextViewTests */,
				87CBE2861BD20924003A161A /* ABCAutoCompleteTextViewUITests */,
				87CBE2601BD20924003A161A /* Products */,
			);
			sourceTree = "<group>";
		};
		87CBE2601BD20924003A161A /* Products */ = {
			isa = PBXGroup;
			children = (
				87CBE25F1BD20924003A161A /* ABCAutoCompleteTextView.app */,
				87CBE2781BD20924003A161A /* ABCAutoCompleteTextViewTests.xctest */,
				87CBE2831BD20924003A161A /* ABCAutoCompleteTextViewUITests.xctest */,
			);
			name = Products;
			sourceTree = "<group>";
		};
		87CBE2611BD20924003A161A /* ABCAutoCompleteTextView */ = {
			isa = PBXGroup;
			children = (
				87CBE2651BD20924003A161A /* AppDelegate.h */,
				87CBE2661BD20924003A161A /* AppDelegate.m */,
				87CBE2681BD20924003A161A /* ViewController.h */,
				87CBE2691BD20924003A161A /* ViewController.m */,
				87CBE2981BD21647003A161A /* ABCAutoCompleteTextView */,
				87CBE26E1BD20924003A161A /* Assets.xcassets */,
				87CBE2701BD20924003A161A /* LaunchScreen.storyboard */,
				87CBE2731BD20924003A161A /* Info.plist */,
				87CBE2621BD20924003A161A /* Supporting Files */,
			);
			path = ABCAutoCompleteTextView;
			sourceTree = "<group>";
		};
		87CBE2621BD20924003A161A /* Supporting Files */ = {
			isa = PBXGroup;
			children = (
				87CBE2631BD20924003A161A /* main.m */,
			);
			name = "Supporting Files";
			sourceTree = "<group>";
		};
		87CBE27B1BD20924003A161A /* ABCAutoCompleteTextViewTests */ = {
			isa = PBXGroup;
			children = (
				87CBE27C1BD20924003A161A /* ABCAutoCompleteTextViewTests.m */,
				87CBE27E1BD20924003A161A /* Info.plist */,
			);
			path = ABCAutoCompleteTextViewTests;
			sourceTree = "<group>";
		};
		87CBE2861BD20924003A161A /* ABCAutoCompleteTextViewUITests */ = {
			isa = PBXGroup;
			children = (
				87CBE2871BD20924003A161A /* ABCAutoCompleteTextViewUITests.m */,
				87CBE2891BD20924003A161A /* Info.plist */,
			);
			path = ABCAutoCompleteTextViewUITests;
			sourceTree = "<group>";
		};
		87CBE2981BD21647003A161A /* ABCAutoCompleteTextView */ = {
			isa = PBXGroup;
			children = (
				87CBE2951BD209B0003A161A /* ABCAutoCompleteTextView.h */,
				87CBE2961BD209B0003A161A /* ABCAutoCompleteTextView.m */,
			);
			name = ABCAutoCompleteTextView;
			sourceTree = "<group>";
		};
/* End PBXGroup section */

/* Begin PBXNativeTarget section */
		87CBE25E1BD20924003A161A /* ABCAutoCompleteTextView */ = {
			isa = PBXNativeTarget;
			buildConfigurationList = 87CBE28C1BD20924003A161A /* Build configuration list for PBXNativeTarget "ABCAutoCompleteTextView" */;
			buildPhases = (
				87CBE25B1BD20924003A161A /* Sources */,
				87CBE25C1BD20924003A161A /* Frameworks */,
				87CBE25D1BD20924003A161A /* Resources */,
			);
			buildRules = (
			);
			dependencies = (
			);
			name = ABCAutoCompleteTextView;
			productName = ABCAutoCompleteTextView;
			productReference = 87CBE25F1BD20924003A161A /* ABCAutoCompleteTextView.app */;
			productType = "com.apple.product-type.application";
		};
		87CBE2771BD20924003A161A /* ABCAutoCompleteTextViewTests */ = {
			isa = PBXNativeTarget;
			buildConfigurationList = 87CBE28F1BD20924003A161A /* Build configuration list for PBXNativeTarget "ABCAutoCompleteTextViewTests" */;
			buildPhases = (
				87CBE2741BD20924003A161A /* Sources */,
				87CBE2751BD20924003A161A /* Frameworks */,
				87CBE2761BD20924003A161A /* Resources */,
			);
			buildRules = (
			);
			dependencies = (
				87CBE27A1BD20924003A161A /* PBXTargetDependency */,
			);
			name = ABCAutoCompleteTextViewTests;
			productName = ABCAutoCompleteTextViewTests;
			productReference = 87CBE2781BD20924003A161A /* ABCAutoCompleteTextViewTests.xctest */;
			productType = "com.apple.product-type.bundle.unit-test";
		};
		87CBE2821BD20924003A161A /* ABCAutoCompleteTextViewUITests */ = {
			isa = PBXNativeTarget;
			buildConfigurationList = 87CBE2921BD20924003A161A /* Build configuration list for PBXNativeTarget "ABCAutoCompleteTextViewUITests" */;
			buildPhases = (
				87CBE27F1BD20924003A161A /* Sources */,
				87CBE2801BD20924003A161A /* Frameworks */,
				87CBE2811BD20924003A161A /* Resources */,
			);
			buildRules = (
			);
			dependencies = (
				87CBE2851BD20924003A161A /* PBXTargetDependency */,
			);
			name = ABCAutoCompleteTextViewUITests;
			productName = ABCAutoCompleteTextViewUITests;
			productReference = 87CBE2831BD20924003A161A /* ABCAutoCompleteTextViewUITests.xctest */;
			productType = "com.apple.product-type.bundle.ui-testing";
		};
/* End PBXNativeTarget section */

/* Begin PBXProject section */
		87CBE2571BD20924003A161A /* Project object */ = {
			isa = PBXProject;
			attributes = {
				LastUpgradeCheck = 0700;
				ORGANIZATIONNAME = "Adam Cooper";
				TargetAttributes = {
					87CBE25E1BD20924003A161A = {
						CreatedOnToolsVersion = 7.0.1;
					};
					87CBE2771BD20924003A161A = {
						CreatedOnToolsVersion = 7.0.1;
						TestTargetID = 87CBE25E1BD20924003A161A;
					};
					87CBE2821BD20924003A161A = {
						CreatedOnToolsVersion = 7.0.1;
						TestTargetID = 87CBE25E1BD20924003A161A;
					};
				};
			};
			buildConfigurationList = 87CBE25A1BD20924003A161A /* Build configuration list for PBXProject "ABCAutoCompleteTextView" */;
			compatibilityVersion = "Xcode 3.2";
			developmentRegion = English;
			hasScannedForEncodings = 0;
			knownRegions = (
				en,
				Base,
			);
			mainGroup = 87CBE2561BD20924003A161A;
			productRefGroup = 87CBE2601BD20924003A161A /* Products */;
			projectDirPath = "";
			projectRoot = "";
			targets = (
				87CBE25E1BD20924003A161A /* ABCAutoCompleteTextView */,
				87CBE2771BD20924003A161A /* ABCAutoCompleteTextViewTests */,
				87CBE2821BD20924003A161A /* ABCAutoCompleteTextViewUITests */,
			);
		};
/* End PBXProject section */

/* Begin PBXResourcesBuildPhase section */
		87CBE25D1BD20924003A161A /* Resources */ = {
			isa = PBXResourcesBuildPhase;
			buildActionMask = 2147483647;
			files = (
				87CBE2721BD20924003A161A /* LaunchScreen.storyboard in Resources */,
				87CBE26F1BD20924003A161A /* Assets.xcassets in Resources */,
			);
			runOnlyForDeploymentPostprocessing = 0;
		};
		87CBE2761BD20924003A161A /* Resources */ = {
			isa = PBXResourcesBuildPhase;
			buildActionMask = 2147483647;
			files = (
			);
			runOnlyForDeploymentPostprocessing = 0;
		};
		87CBE2811BD20924003A161A /* Resources */ = {
			isa = PBXResourcesBuildPhase;
			buildActionMask = 2147483647;
			files = (
			);
			runOnlyForDeploymentPostprocessing = 0;
		};
/* End PBXResourcesBuildPhase section */

/* Begin PBXSourcesBuildPhase section */
		87CBE25B1BD20924003A161A /* Sources */ = {
			isa = PBXSourcesBuildPhase;
			buildActionMask = 2147483647;
			files = (
				87CBE2971BD209B0003A161A /* ABCAutoCompleteTextView.m in Sources */,
				87CBE26A1BD20924003A161A /* ViewController.m in Sources */,
				87CBE2671BD20924003A161A /* AppDelegate.m in Sources */,
				87CBE2641BD20924003A161A /* main.m in Sources */,
			);
			runOnlyForDeploymentPostprocessing = 0;
		};
		87CBE2741BD20924003A161A /* Sources */ = {
			isa = PBXSourcesBuildPhase;
			buildActionMask = 2147483647;
			files = (
				87CBE27D1BD20924003A161A /* ABCAutoCompleteTextViewTests.m in Sources */,
			);
			runOnlyForDeploymentPostprocessing = 0;
		};
		87CBE27F1BD20924003A161A /* Sources */ = {
			isa = PBXSourcesBuildPhase;
			buildActionMask = 2147483647;
			files = (
				87CBE2881BD20924003A161A /* ABCAutoCompleteTextViewUITests.m in Sources */,
			);
			runOnlyForDeploymentPostprocessing = 0;
		};
/* End PBXSourcesBuildPhase section */

/* Begin PBXTargetDependency section */
		87CBE27A1BD20924003A161A /* PBXTargetDependency */ = {
			isa = PBXTargetDependency;
			target = 87CBE25E1BD20924003A161A /* ABCAutoCompleteTextView */;
			targetProxy = 87CBE2791BD20924003A161A /* PBXContainerItemProxy */;
		};
		87CBE2851BD20924003A161A /* PBXTargetDependency */ = {
			isa = PBXTargetDependency;
			target = 87CBE25E1BD20924003A161A /* ABCAutoCompleteTextView */;
			targetProxy = 87CBE2841BD20924003A161A /* PBXContainerItemProxy */;
		};
/* End PBXTargetDependency section */

/* Begin PBXVariantGroup section */
		87CBE2701BD20924003A161A /* LaunchScreen.storyboard */ = {
			isa = PBXVariantGroup;
			children = (
				87CBE2711BD20924003A161A /* Base */,
			);
			name = LaunchScreen.storyboard;
			sourceTree = "<group>";
		};
/* End PBXVariantGroup section */

/* Begin XCBuildConfiguration section */
		87CBE28A1BD20924003A161A /* Debug */ = {
			isa = XCBuildConfiguration;
			buildSettings = {
				ALWAYS_SEARCH_USER_PATHS = NO;
				CLANG_CXX_LANGUAGE_STANDARD = "gnu++0x";
				CLANG_CXX_LIBRARY = "libc++";
				CLANG_ENABLE_MODULES = YES;
				CLANG_ENABLE_OBJC_ARC = YES;
				CLANG_WARN_BOOL_CONVERSION = YES;
				CLANG_WARN_CONSTANT_CONVERSION = YES;
				CLANG_WARN_DIRECT_OBJC_ISA_USAGE = YES_ERROR;
				CLANG_WARN_EMPTY_BODY = YES;
				CLANG_WARN_ENUM_CONVERSION = YES;
				CLANG_WARN_INT_CONVERSION = YES;
				CLANG_WARN_OBJC_ROOT_CLASS = YES_ERROR;
				CLANG_WARN_UNREACHABLE_CODE = YES;
				CLANG_WARN__DUPLICATE_METHOD_MATCH = YES;
				"CODE_SIGN_IDENTITY[sdk=iphoneos*]" = "iPhone Developer";
				COPY_PHASE_STRIP = NO;
				DEBUG_INFORMATION_FORMAT = dwarf;
				ENABLE_STRICT_OBJC_MSGSEND = YES;
				ENABLE_TESTABILITY = YES;
				GCC_C_LANGUAGE_STANDARD = gnu99;
				GCC_DYNAMIC_NO_PIC = NO;
				GCC_NO_COMMON_BLOCKS = YES;
				GCC_OPTIMIZATION_LEVEL = 0;
				GCC_PREPROCESSOR_DEFINITIONS = (
					"DEBUG=1",
					"$(inherited)",
				);
				GCC_WARN_64_TO_32_BIT_CONVERSION = YES;
				GCC_WARN_ABOUT_RETURN_TYPE = YES_ERROR;
				GCC_WARN_UNDECLARED_SELECTOR = YES;
				GCC_WARN_UNINITIALIZED_AUTOS = YES_AGGRESSIVE;
				GCC_WARN_UNUSED_FUNCTION = YES;
				GCC_WARN_UNUSED_VARIABLE = YES;
				IPHONEOS_DEPLOYMENT_TARGET = 9.0;
				MTL_ENABLE_DEBUG_INFO = YES;
				ONLY_ACTIVE_ARCH = YES;
				SDKROOT = iphoneos;
				TARGETED_DEVICE_FAMILY = "1,2";
			};
			name = Debug;
		};
		87CBE28B1BD20924003A161A /* Release */ = {
			isa = XCBuildConfiguration;
			buildSettings = {
				ALWAYS_SEARCH_USER_PATHS = NO;
				CLANG_CXX_LANGUAGE_STANDARD = "gnu++0x";
				CLANG_CXX_LIBRARY = "libc++";
				CLANG_ENABLE_MODULES = YES;
				CLANG_ENABLE_OBJC_ARC = YES;
				CLANG_WARN_BOOL_CONVERSION = YES;
				CLANG_WARN_CONSTANT_CONVERSION = YES;
				CLANG_WARN_DIRECT_OBJC_ISA_USAGE = YES_ERROR;
				CLANG_WARN_EMPTY_BODY = YES;
				CLANG_WARN_ENUM_CONVERSION = YES;
				CLANG_WARN_INT_CONVERSION = YES;
				CLANG_WARN_OBJC_ROOT_CLASS = YES_ERROR;
				CLANG_WARN_UNREACHABLE_CODE = YES;
				CLANG_WARN__DUPLICATE_METHOD_MATCH = YES;
				"CODE_SIGN_IDENTITY[sdk=iphoneos*]" = "iPhone Developer";
				COPY_PHASE_STRIP = NO;
				DEBUG_INFORMATION_FORMAT = "dwarf-with-dsym";
				ENABLE_NS_ASSERTIONS = NO;
				ENABLE_STRICT_OBJC_MSGSEND = YES;
				GCC_C_LANGUAGE_STANDARD = gnu99;
				GCC_NO_COMMON_BLOCKS = YES;
				GCC_WARN_64_TO_32_BIT_CONVERSION = YES;
				GCC_WARN_ABOUT_RETURN_TYPE = YES_ERROR;
				GCC_WARN_UNDECLARED_SELECTOR = YES;
				GCC_WARN_UNINITIALIZED_AUTOS = YES_AGGRESSIVE;
				GCC_WARN_UNUSED_FUNCTION = YES;
				GCC_WARN_UNUSED_VARIABLE = YES;
				IPHONEOS_DEPLOYMENT_TARGET = 9.0;
				MTL_ENABLE_DEBUG_INFO = NO;
				SDKROOT = iphoneos;
				TARGETED_DEVICE_FAMILY = "1,2";
				VALIDATE_PRODUCT = YES;
			};
			name = Release;
		};
		87CBE28D1BD20924003A161A /* Debug */ = {
			isa = XCBuildConfiguration;
			buildSettings = {
				ASSETCATALOG_COMPILER_APPICON_NAME = AppIcon;
				INFOPLIST_FILE = ABCAutoCompleteTextView/Info.plist;
				LD_RUNPATH_SEARCH_PATHS = "$(inherited) @executable_path/Frameworks";
				PRODUCT_BUNDLE_IDENTIFIER = com.adamCooper.ABCAutoCompleteTextView;
				PRODUCT_NAME = "$(TARGET_NAME)";
			};
			name = Debug;
		};
		87CBE28E1BD20924003A161A /* Release */ = {
			isa = XCBuildConfiguration;
			buildSettings = {
				ASSETCATALOG_COMPILER_APPICON_NAME = AppIcon;
				INFOPLIST_FILE = ABCAutoCompleteTextView/Info.plist;
				LD_RUNPATH_SEARCH_PATHS = "$(inherited) @executable_path/Frameworks";
				PRODUCT_BUNDLE_IDENTIFIER = com.adamCooper.ABCAutoCompleteTextView;
				PRODUCT_NAME = "$(TARGET_NAME)";
			};
			name = Release;
		};
		87CBE2901BD20924003A161A /* Debug */ = {
			isa = XCBuildConfiguration;
			buildSettings = {
				BUNDLE_LOADER = "$(TEST_HOST)";
				INFOPLIST_FILE = ABCAutoCompleteTextViewTests/Info.plist;
				LD_RUNPATH_SEARCH_PATHS = "$(inherited) @executable_path/Frameworks @loader_path/Frameworks";
				PRODUCT_BUNDLE_IDENTIFIER = com.adamCooper.ABCAutoCompleteTextViewTests;
				PRODUCT_NAME = "$(TARGET_NAME)";
				TEST_HOST = "$(BUILT_PRODUCTS_DIR)/ABCAutoCompleteTextView.app/ABCAutoCompleteTextView";
			};
			name = Debug;
		};
		87CBE2911BD20924003A161A /* Release */ = {
			isa = XCBuildConfiguration;
			buildSettings = {
				BUNDLE_LOADER = "$(TEST_HOST)";
				INFOPLIST_FILE = ABCAutoCompleteTextViewTests/Info.plist;
				LD_RUNPATH_SEARCH_PATHS = "$(inherited) @executable_path/Frameworks @loader_path/Frameworks";
				PRODUCT_BUNDLE_IDENTIFIER = com.adamCooper.ABCAutoCompleteTextViewTests;
				PRODUCT_NAME = "$(TARGET_NAME)";
				TEST_HOST = "$(BUILT_PRODUCTS_DIR)/ABCAutoCompleteTextView.app/ABCAutoCompleteTextView";
			};
			name = Release;
		};
		87CBE2931BD20924003A161A /* Debug */ = {
			isa = XCBuildConfiguration;
			buildSettings = {
				INFOPLIST_FILE = ABCAutoCompleteTextViewUITests/Info.plist;
				LD_RUNPATH_SEARCH_PATHS = "$(inherited) @executable_path/Frameworks @loader_path/Frameworks";
				PRODUCT_BUNDLE_IDENTIFIER = com.adamCooper.ABCAutoCompleteTextViewUITests;
				PRODUCT_NAME = "$(TARGET_NAME)";
				TEST_TARGET_NAME = ABCAutoCompleteTextView;
				USES_XCTRUNNER = YES;
			};
			name = Debug;
		};
		87CBE2941BD20924003A161A /* Release */ = {
			isa = XCBuildConfiguration;
			buildSettings = {
				INFOPLIST_FILE = ABCAutoCompleteTextViewUITests/Info.plist;
				LD_RUNPATH_SEARCH_PATHS = "$(inherited) @executable_path/Frameworks @loader_path/Frameworks";
				PRODUCT_BUNDLE_IDENTIFIER = com.adamCooper.ABCAutoCompleteTextViewUITests;
				PRODUCT_NAME = "$(TARGET_NAME)";
				TEST_TARGET_NAME = ABCAutoCompleteTextView;
				USES_XCTRUNNER = YES;
			};
			name = Release;
		};
/* End XCBuildConfiguration section */

/* Begin XCConfigurationList section */
		87CBE25A1BD20924003A161A /* Build configuration list for PBXProject "ABCAutoCompleteTextView" */ = {
			isa = XCConfigurationList;
			buildConfigurations = (
				87CBE28A1BD20924003A161A /* Debug */,
				87CBE28B1BD20924003A161A /* Release */,
			);
			defaultConfigurationIsVisible = 0;
			defaultConfigurationName = Release;
		};
		87CBE28C1BD20924003A161A /* Build configuration list for PBXNativeTarget "ABCAutoCompleteTextView" */ = {
			isa = XCConfigurationList;
			buildConfigurations = (
				87CBE28D1BD20924003A161A /* Debug */,
				87CBE28E1BD20924003A161A /* Release */,
			);
			defaultConfigurationIsVisible = 0;
		};
		87CBE28F1BD20924003A161A /* Build configuration list for PBXNativeTarget "ABCAutoCompleteTextViewTests" */ = {
			isa = XCConfigurationList;
			buildConfigurations = (
				87CBE2901BD20924003A161A /* Debug */,
				87CBE2911BD20924003A161A /* Release */,
			);
			defaultConfigurationIsVisible = 0;
		};
		87CBE2921BD20924003A161A /* Build configuration list for PBXNativeTarget "ABCAutoCompleteTextViewUITests" */ = {
			isa = XCConfigurationList;
			buildConfigurations = (
				87CBE2931BD20924003A161A /* Debug */,
				87CBE2941BD20924003A161A /* Release */,
			);
			defaultConfigurationIsVisible = 0;
		};
/* End XCConfigurationList section */
	};
	rootObject = 87CBE2571BD20924003A161A /* Project object */;
}
